<?xml version="1.0" encoding="utf-8"?>
<Project ToolsVersion="4.0" xmlns="http://schemas.microsoft.com/developer/msbuild/2003">
  <ItemGroup>
    <Filter Include="Source Files">
      <UniqueIdentifier>{4FC737F1-C7A5-4376-A066-2A32D752A2FF}</UniqueIdentifier>
      <Extensions>cpp;c;cc;cxx;def;odl;idl;hpj;bat;asm;asmx</Extensions>
    </Filter>
    <Filter Include="Header Files">
      <UniqueIdentifier>{93995380-89BD-4b04-88EB-625FBE52EBFB}</UniqueIdentifier>
      <Extensions>h;hpp;hxx;hm;inl;inc;xsd</Extensions>
    </Filter>
    <Filter Include="Resource Files">
      <UniqueIdentifier>{67DA6AB6-F800-4c08-8B7A-83BB121AAD01}</UniqueIdentifier>
      <Extensions>rc;ico;cur;bmp;dlg;rc2;rct;bin;rgs;gif;jpg;jpeg;jpe;resx;tiff;tif;png;wav;mfcribbon-ms</Extensions>
    </Filter>
    <Filter Include="Header Files\base">
      <UniqueIdentifier>{a502af94-af0c-4c1f-a600-24127669bb5b}</UniqueIdentifier>
    </Filter>
    <Filter Include="Header Files\cuda">
      <UniqueIdentifier>{c1b44e7c-aef8-4bbf-824f-d0b048899001}</UniqueIdentifier>
    </Filter>
    <Filter Include="Header Files\test">
      <UniqueIdentifier>{6ccf62fa-307f-4904-b5ce-342ea291b8e6}</UniqueIdentifier>
    </Filter>
    <Filter Include="Header Files\inc">
      <UniqueIdentifier>{2e871d47-0a7f-4ea9-9871-ce8cab64cb71}</UniqueIdentifier>
    </Filter>
  </ItemGroup>
  <ItemGroup>
    <ClInclude Include="Nutty\Fill.h">
      <Filter>Header Files</Filter>
    </ClInclude>
    <ClInclude Include="Nutty\ForEach.h">
      <Filter>Header Files</Filter>
    </ClInclude>
    <ClInclude Include="Nutty\Helper.h">
      <Filter>Header Files</Filter>
    </ClInclude>
    <ClInclude Include="Nutty\Inc.h">
      <Filter>Header Files</Filter>
    </ClInclude>
    <ClInclude Include="Nutty\Reduce.h">
      <Filter>Header Files</Filter>
    </ClInclude>
    <ClInclude Include="Nutty\Sort.h">
      <Filter>Header Files</Filter>
    </ClInclude>
    <ClInclude Include="Nutty\Copy.h">
      <Filter>Header Files</Filter>
    </ClInclude>
    <ClInclude Include="Nutty\Nutty.h">
      <Filter>Header Files</Filter>
    </ClInclude>
    <ClInclude Include="Nutty\inc\cutil_math.h">
      <Filter>Header Files\inc</Filter>
    </ClInclude>
    <ClInclude Include="Nutty\inc\drvapi_error_string.h">
      <Filter>Header Files\inc</Filter>
    </ClInclude>
    <ClInclude Include="Nutty\cuda\sort.h">
      <Filter>Header Files\cuda</Filter>
    </ClInclude>
    <ClInclude Include="Nutty\base\Buffer.h">
      <Filter>Header Files\base</Filter>
    </ClInclude>
    <ClInclude Include="Nutty\DeviceBuffer.h">
      <Filter>Header Files</Filter>
    </ClInclude>
    <ClInclude Include="Nutty\base\Iterator.h">
      <Filter>Header Files\base</Filter>
    </ClInclude>
    <ClInclude Include="Nutty\cuda\Module.h">
      <Filter>Header Files\cuda</Filter>
    </ClInclude>
    <ClInclude Include="Nutty\cuda\Kernel.h">
      <Filter>Header Files\cuda</Filter>
    </ClInclude>
    <ClInclude Include="Nutty\cuda\Stream.h">
      <Filter>Header Files\cuda</Filter>
    </ClInclude>
    <ClInclude Include="Nutty\cuda\Record.h">
      <Filter>Header Files</Filter>
    </ClInclude>
    <ClInclude Include="Nutty\cuda\Array.h">
      <Filter>Header Files</Filter>
    </ClInclude>
    <ClInclude Include="Nutty\Alloc.h">
      <Filter>Header Files</Filter>
    </ClInclude>
    <ClInclude Include="Nutty\base\copy.h">
      <Filter>Header Files\base</Filter>
    </ClInclude>
    <ClInclude Include="Nutty\cuda\copy.h">
      <Filter>Header Files\cuda</Filter>
    </ClInclude>
    <ClInclude Include="Nutty\HostBuffer.h">
      <Filter>Header Files</Filter>
    </ClInclude>
    <ClInclude Include="Nutty\base\sort.h">
      <Filter>Header Files\base</Filter>
    </ClInclude>
    <ClInclude Include="Nutty\base\reduce.h">
      <Filter>Header Files\base</Filter>
    </ClInclude>
    <ClInclude Include="Nutty\cuda\reduce.h">
      <Filter>Header Files\cuda</Filter>
    </ClInclude>
    <ClInclude Include="Nutty\base\Content.h">
      <Filter>Header Files\base</Filter>
    </ClInclude>
    <ClInclude Include="Nutty\base\fill.h">
      <Filter>Header Files\base</Filter>
    </ClInclude>
    <ClInclude Include="Nutty\Functions.h">
      <Filter>Header Files</Filter>
    </ClInclude>
    <ClInclude Include="Nutty\cuda\fill.h">
      <Filter>Header Files</Filter>
    </ClInclude>
    <ClInclude Include="Nutty\cuda\cuda_helper.h">
      <Filter>Header Files</Filter>
    </ClInclude>
    <ClInclude Include="Nutty\Scan.h">
      <Filter>Header Files</Filter>
    </ClInclude>
  </ItemGroup>
  <ItemGroup>
    <CudaCompile Include="Nutty\testing\sort.cu">
      <Filter>Header Files\test</Filter>
    </CudaCompile>
    <CudaCompile Include="Nutty\testing\reduce.cu">
      <Filter>Header Files\test</Filter>
    </CudaCompile>
    <CudaCompile Include="Nutty\testing\reduce_range.cu">
      <Filter>Header Files\test</Filter>
    </CudaCompile>
    <CudaCompile Include="Nutty\testing\scan.cu">
      <Filter>Header Files\test</Filter>
    </CudaCompile>
  </ItemGroup>
  <ItemGroup>
    <None Include="Nutty\cuda\Globals.cuh">
      <Filter>Header Files\cuda</Filter>
    </None>
  </ItemGroup>
</Project>